
Microsoft Visual Studio Solution File, Format Version 12.00
# Visual Studio 15
VisualStudioVersion = 15.0.27428.2015
MinimumVisualStudioVersion = 10.0.40219.1
Project("{FAE04EC0-301F-11D3-BF4B-00C04F79EFBC}") = "Executor", "Executor\Executor.csproj", "{BB2D3091-4760-4EAC-A05B-C00BFE3ED956}"
EndProject
Project("{FAE04EC0-301F-11D3-BF4B-00C04F79EFBC}") = "Executor.UnitTest", "Executor.UnitTest\Executor.UnitTest.csproj", "{EFA6F750-3D9A-41EB-B2C5-4C48FF1A8EDE}"
EndProject
Global
	GlobalSection(SolutionConfigurationPlatforms) = preSolution
		Debug|Any CPU = Debug|Any CPU
		Release|Any CPU = Release|Any CPU
	EndGlobalSection
	GlobalSection(ProjectConfigurationPlatforms) = postSolution
		{BB2D3091-4760-4EAC-A05B-C00BFE3ED956}.Debug|Any CPU.ActiveCfg = Debug|Any CPU
		{BB2D3091-4760-4EAC-A05B-C00BFE3ED956}.Debug|Any CPU.Build.0 = Debug|Any CPU
		{BB2D3091-4760-4EAC-A05B-C00BFE3ED956}.Release|Any CPU.ActiveCfg = Release|Any CPU
		{BB2D3091-4760-4EAC-A05B-C00BFE3ED956}.Release|Any CPU.Build.0 = Release|Any CPU
		{EFA6F750-3D9A-41EB-B2C5-4C48FF1A8EDE}.Debug|Any CPU.ActiveCfg = Debug|Any CPU
		{EFA6F750-3D9A-41EB-B2C5-4C48FF1A8EDE}.Debug|Any CPU.Build.0 = Debug|Any CPU
		{EFA6F750-3D9A-41EB-B2C5-4C48FF1A8EDE}.Release|Any CPU.ActiveCfg = Release|Any CPU
		{EFA6F750-3D9A-41EB-B2C5-4C48FF1A8EDE}.Release|Any CPU.Build.0 = Release|Any CPU
	EndGlobalSection
	GlobalSection(SolutionProperties) = preSolution
		HideSolutionNode = FALSE
	EndGlobalSection
	GlobalSection(ExtensibilityGlobals) = postSolution
		SolutionGuid = {542468B1-68B4-4FCF-A758-5B977900298F}
	EndGlobalSection
EndGlobal
